
Microsoft Visual Studio Solution File, Format Version 12.00
# Visual Studio Version 17
VisualStudioVersion = 17.2.32616.157
MinimumVisualStudioVersion = 10.0.40219.1
Project("{FAE04EC0-301F-11D3-BF4B-00C04F79EFBC}") = "InventoryProject", "InventoryProject\InventoryProject.csproj", "{AE6884DD-3B22-43BD-9996-3E908836F491}"
EndProject
Global
	GlobalSection(SolutionConfigurationPlatforms) = preSolution
		Debug|Any CPU = Debug|Any CPU
		Release|Any CPU = Release|Any CPU
	EndGlobalSection
	GlobalSection(ProjectConfigurationPlatforms) = postSolution
		{AE6884DD-3B22-43BD-9996-3E908836F491}.Debug|Any CPU.ActiveCfg = Debug|Any CPU
		{AE6884DD-3B22-43BD-9996-3E908836F491}.Debug|Any CPU.Build.0 = Debug|Any CPU
		{AE6884DD-3B22-43BD-9996-3E908836F491}.Release|Any CPU.ActiveCfg = Release|Any CPU
		{AE6884DD-3B22-43BD-9996-3E908836F491}.Release|Any CPU.Build.0 = Release|Any CPU
	EndGlobalSection
	GlobalSection(SolutionProperties) = preSolution
		HideSolutionNode = FALSE
	EndGlobalSection
	GlobalSection(ExtensibilityGlobals) = postSolution
		SolutionGuid = {C1C0A1A5-8CBA-4580-B035-09DBB274A558}
	EndGlobalSection
EndGlobal
